
Microsoft Visual Studio Solution File, Format Version 12.00
# Visual Studio 15
VisualStudioVersion = 15.0.28010.2041
MinimumVisualStudioVersion = 10.0.40219.1
Project("{E24C65DC-7377-472B-9ABA-BC803B73C61A}") = "Simple CRUD", ".", "{5A26DFF1-6892-4CD6-A014-01F055C1A67A}"
	ProjectSection(WebsiteProperties) = preProject
		TargetFrameworkMoniker = ".NETFramework,Version%3Dv4.0"
		Debug.AspNetCompiler.VirtualPath = "/localhost_61058"
		Debug.AspNetCompiler.PhysicalPath = "..\Simple CRUD\"
		Debug.AspNetCompiler.TargetPath = "PrecompiledWeb\localhost_61058\"
		Debug.AspNetCompiler.Updateable = "true"
		Debug.AspNetCompiler.ForceOverwrite = "true"
		Debug.AspNetCompiler.FixedNames = "false"
		Debug.AspNetCompiler.Debug = "True"
		Release.AspNetCompiler.VirtualPath = "/localhost_61058"
		Release.AspNetCompiler.PhysicalPath = "..\Simple CRUD\"
		Release.AspNetCompiler.TargetPath = "PrecompiledWeb\localhost_61058\"
		Release.AspNetCompiler.Updateable = "true"
		Release.AspNetCompiler.ForceOverwrite = "true"
		Release.AspNetCompiler.FixedNames = "false"
		Release.AspNetCompiler.Debug = "False"
		VWDPort = "61058"
		SlnRelativePath = "..\Simple CRUD\"
	EndProjectSection
EndProject
Global
	GlobalSection(SolutionConfigurationPlatforms) = preSolution
		Debug|Any CPU = Debug|Any CPU
	EndGlobalSection
	GlobalSection(ProjectConfigurationPlatforms) = postSolution
		{5A26DFF1-6892-4CD6-A014-01F055C1A67A}.Debug|Any CPU.ActiveCfg = Debug|Any CPU
		{5A26DFF1-6892-4CD6-A014-01F055C1A67A}.Debug|Any CPU.Build.0 = Debug|Any CPU
	EndGlobalSection
	GlobalSection(SolutionProperties) = preSolution
		HideSolutionNode = FALSE
	EndGlobalSection
	GlobalSection(ExtensibilityGlobals) = postSolution
		SolutionGuid = {864B458D-7B01-428C-B092-B26B6F115A66}
	EndGlobalSection
EndGlobal
